// !$*UTF8*$!
{
	archiveVersion = 1;
	classes = {
	};
	objectVersion = 50;
	objects = {

/* Begin PBXBuildFile section */
		00ACFA32247999800000E46C /* AppDelegate.swift in Sources */ = {isa = PBXBuildFile; fileRef = 00ACFA31247999800000E46C /* AppDelegate.swift */; };
		00ACFA34247999800000E46C /* SceneDelegate.swift in Sources */ = {isa = PBXBuildFile; fileRef = 00ACFA33247999800000E46C /* SceneDelegate.swift */; };
		00ACFA37247999800000E46C /* AdCap.xcdatamodeld in Sources */ = {isa = PBXBuildFile; fileRef = 00ACFA35247999800000E46C /* AdCap.xcdatamodeld */; };
		00ACFA39247999800000E46C /* ContentView.swift in Sources */ = {isa = PBXBuildFile; fileRef = 00ACFA38247999800000E46C /* ContentView.swift */; };
		00ACFA3B247999830000E46C /* Assets.xcassets in Resources */ = {isa = PBXBuildFile; fileRef = 00ACFA3A247999830000E46C /* Assets.xcassets */; };
		00ACFA3E247999830000E46C /* Preview Assets.xcassets in Resources */ = {isa = PBXBuildFile; fileRef = 00ACFA3D247999830000E46C /* Preview Assets.xcassets */; };
		00ACFA41247999830000E46C /* LaunchScreen.storyboard in Resources */ = {isa = PBXBuildFile; fileRef = 00ACFA3F247999830000E46C /* LaunchScreen.storyboard */; };
/* End PBXBuildFile section */

/* Begin PBXFileReference section */
		00ACFA2E247999800000E46C /* AdCap.app */ = {isa = PBXFileReference; explicitFileType = wrapper.application; includeInIndex = 0; path = AdCap.app; sourceTree = BUILT_PRODUCTS_DIR; };
		00ACFA31247999800000E46C /* AppDelegate.swift */ = {isa = PBXFileReference; lastKnownFileType = sourcecode.swift; path = AppDelegate.swift; sourceTree = "<group>"; };
		00ACFA33247999800000E46C /* SceneDelegate.swift */ = {isa = PBXFileReference; lastKnownFileType = sourcecode.swift; path = SceneDelegate.swift; sourceTree = "<group>"; };
		00ACFA36247999800000E46C /* AdCap.xcdatamodel */ = {isa = PBXFileReference; lastKnownFileType = wrapper.xcdatamodel; path = AdCap.xcdatamodel; sourceTree = "<group>"; };
		00ACFA38247999800000E46C /* ContentView.swift */ = {isa = PBXFileReference; lastKnownFileType = sourcecode.swift; path = ContentView.swift; sourceTree = "<group>"; };
		00ACFA3A247999830000E46C /* Assets.xcassets */ = {isa = PBXFileReference; lastKnownFileType = folder.assetcatalog; path = Assets.xcassets; sourceTree = "<group>"; };
		00ACFA3D247999830000E46C /* Preview Assets.xcassets */ = {isa = PBXFileReference; lastKnownFileType = folder.assetcatalog; path = "Preview Assets.xcassets"; sourceTree = "<group>"; };
		00ACFA40247999830000E46C /* Base */ = {isa = PBXFileReference; lastKnownFileType = file.storyboard; name = Base; path = Base.lproj/LaunchScreen.storyboard; sourceTree = "<group>"; };
		00ACFA42247999830000E46C /* Info.plist */ = {isa = PBXFileReference; lastKnownFileType = text.plist.xml; path = Info.plist; sourceTree = "<group>"; };
/* End PBXFileReference section */

/* Begin PBXFrameworksBuildPhase section */
		00ACFA2B247999800000E46C /* Frameworks */ = {
			isa = PBXFrameworksBuildPhase;
			buildActionMask = 2147483647;
			files = (
			);
			runOnlyForDeploymentPostprocessing = 0;
		};
/* End PBXFrameworksBuildPhase section */

/* Begin PBXGroup section */
		00ACFA25247999800000E46C = {
			isa = PBXGroup;
			children = (
				00ACFA30247999800000E46C /* AdCap */,
				00ACFA2F247999800000E46C /* Products */,
			);
			sourceTree = "<group>";
		};
		00ACFA2F247999800000E46C /* Products */ = {
			isa = PBXGroup;
			children = (
				00ACFA2E247999800000E46C /* AdCap.app */,
			);
			name = Products;
			sourceTree = "<group>";
		};
		00ACFA30247999800000E46C /* AdCap */ = {
			isa = PBXGroup;
			children = (
				00ACFA31247999800000E46C /* AppDelegate.swift */,
				00ACFA33247999800000E46C /* SceneDelegate.swift */,
				00ACFA38247999800000E46C /* ContentView.swift */,
				00ACFA3A247999830000E46C /* Assets.xcassets */,
				00ACFA3F247999830000E46C /* LaunchScreen.storyboard */,
				00ACFA42247999830000E46C /* Info.plist */,
				00ACFA35247999800000E46C /* AdCap.xcdatamodeld */,
				00ACFA3C247999830000E46C /* Preview Content */,
			);
			path = AdCap;
			sourceTree = "<group>";
		};
		00ACFA3C247999830000E46C /* Preview Content */ = {
			isa = PBXGroup;
			children = (
				00ACFA3D247999830000E46C /* Preview Assets.xcassets */,
			);
			path = "Preview Content";
			sourceTree = "<group>";
		};
/* End PBXGroup section */

/* Begin PBXNativeTarget section */
		00ACFA2D247999800000E46C /* AdCap */ = {
			isa = PBXNativeTarget;
			buildConfigurationList = 00ACFA45247999830000E46C /* Build configuration list for PBXNativeTarget "AdCap" */;
			buildPhases = (
				00ACFA2A247999800000E46C /* Sources */,
				00ACFA2B247999800000E46C /* Frameworks */,
				00ACFA2C247999800000E46C /* Resources */,
			);
			buildRules = (
			);
			dependencies = (
			);
			name = AdCap;
			productName = AdCap;
			productReference = 00ACFA2E247999800000E46C /* AdCap.app */;
			productType = "com.apple.product-type.application";
		};
/* End PBXNativeTarget section */

/* Begin PBXProject section */
		00ACFA26247999800000E46C /* Project object */ = {
			isa = PBXProject;
			attributes = {
				LastSwiftUpdateCheck = 1130;
				LastUpgradeCheck = 1130;
				ORGANIZATIONNAME = "Jeffrey Chen";
				TargetAttributes = {
					00ACFA2D247999800000E46C = {
						CreatedOnToolsVersion = 11.3.1;
					};
				};
			};
			buildConfigurationList = 00ACFA29247999800000E46C /* Build configuration list for PBXProject "AdCap" */;
			compatibilityVersion = "Xcode 9.3";
			developmentRegion = en;
			hasScannedForEncodings = 0;
			knownRegions = (
				en,
				Base,
			);
			mainGroup = 00ACFA25247999800000E46C;
			productRefGroup = 00ACFA2F247999800000E46C /* Products */;
			projectDirPath = "";
			projectRoot = "";
			targets = (
				00ACFA2D247999800000E46C /* AdCap */,
			);
		};
/* End PBXProject section */

/* Begin PBXResourcesBuildPhase section */
		00ACFA2C247999800000E46C /* Resources */ = {
			isa = PBXResourcesBuildPhase;
			buildActionMask = 2147483647;
			files = (
				00ACFA41247999830000E46C /* LaunchScreen.storyboard in Resources */,
				00ACFA3E247999830000E46C /* Preview Assets.xcassets in Resources */,
				00ACFA3B247999830000E46C /* Assets.xcassets in Resources */,
			);
			runOnlyForDeploymentPostprocessing = 0;
		};
/* End PBXResourcesBuildPhase section */

/* Begin PBXSourcesBuildPhase section */
		00ACFA2A247999800000E46C /* Sources */ = {
			isa = PBXSourcesBuildPhase;
			buildActionMask = 2147483647;
			files = (
				00ACFA37247999800000E46C /* AdCap.xcdatamodeld in Sources */,
				00ACFA32247999800000E46C /* AppDelegate.swift in Sources */,
				00ACFA39247999800000E46C /* ContentView.swift in Sources */,
				00ACFA34247999800000E46C /* SceneDelegate.swift in Sources */,
			);
			runOnlyForDeploymentPostprocessing = 0;
		};
/* End PBXSourcesBuildPhase section */

/* Begin PBXVariantGroup section */
		00ACFA3F247999830000E46C /* LaunchScreen.storyboard */ = {
			isa = PBXVariantGroup;
			children = (
				00ACFA40247999830000E46C /* Base */,
			);
			name = LaunchScreen.storyboard;
			sourceTree = "<group>";
		};
/* End PBXVariantGroup section */

/* Begin XCBuildConfiguration section */
		00ACFA43247999830000E46C /* Debug */ = {
			isa = XCBuildConfiguration;
			buildSettings = {
				ALWAYS_SEARCH_USER_PATHS = NO;
				CLANG_ANALYZER_NONNULL = YES;
				CLANG_ANALYZER_NUMBER_OBJECT_CONVERSION = YES_AGGRESSIVE;
				CLANG_CXX_LANGUAGE_STANDARD = "gnu++14";
				CLANG_CXX_LIBRARY = "libc++";
				CLANG_ENABLE_MODULES = YES;
				CLANG_ENABLE_OBJC_ARC = YES;
				CLANG_ENABLE_OBJC_WEAK = YES;
				CLANG_WARN_BLOCK_CAPTURE_AUTORELEASING = YES;
				CLANG_WARN_BOOL_CONVERSION = YES;
				CLANG_WARN_COMMA = YES;
				CLANG_WARN_CONSTANT_CONVERSION = YES;
				CLANG_WARN_DEPRECATED_OBJC_IMPLEMENTATIONS = YES;
				CLANG_WARN_DIRECT_OBJC_ISA_USAGE = YES_ERROR;
				CLANG_WARN_DOCUMENTATION_COMMENTS = YES;
				CLANG_WARN_EMPTY_BODY = YES;
				CLANG_WARN_ENUM_CONVERSION = YES;
				CLANG_WARN_INFINITE_RECURSION = YES;
				CLANG_WARN_INT_CONVERSION = YES;
				CLANG_WARN_NON_LITERAL_NULL_CONVERSION = YES;
				CLANG_WARN_OBJC_IMPLICIT_RETAIN_SELF = YES;
				CLANG_WARN_OBJC_LITERAL_CONVERSION = YES;
				CLANG_WARN_OBJC_ROOT_CLASS = YES_ERROR;
				CLANG_WARN_RANGE_LOOP_ANALYSIS = YES;
				CLANG_WARN_STRICT_PROTOTYPES = YES;
				CLANG_WARN_SUSPICIOUS_MOVE = YES;
				CLANG_WARN_UNGUARDED_AVAILABILITY = YES_AGGRESSIVE;
				CLANG_WARN_UNREACHABLE_CODE = YES;
				CLANG_WARN__DUPLICATE_METHOD_MATCH = YES;
				COPY_PHASE_STRIP = NO;
				DEBUG_INFORMATION_FORMAT = dwarf;
				ENABLE_STRICT_OBJC_MSGSEND = YES;
				ENABLE_TESTABILITY = YES;
				GCC_C_LANGUAGE_STANDARD = gnu11;
				GCC_DYNAMIC_NO_PIC = NO;
				GCC_NO_COMMON_BLOCKS = YES;
				GCC_OPTIMIZATION_LEVEL = 0;
				GCC_PREPROCESSOR_DEFINITIONS = (
					"DEBUG=1",
					"$(inherited)",
				);
				GCC_WARN_64_TO_32_BIT_CONVERSION = YES;
				GCC_WARN_ABOUT_RETURN_TYPE = YES_ERROR;
				GCC_WARN_UNDECLARED_SELECTOR = YES;
				GCC_WARN_UNINITIALIZED_AUTOS = YES_AGGRESSIVE;
				GCC_WARN_UNUSED_FUNCTION = YES;
				GCC_WARN_UNUSED_VARIABLE = YES;
				IPHONEOS_DEPLOYMENT_TARGET = 13.2;
				MTL_ENABLE_DEBUG_INFO = INCLUDE_SOURCE;
				MTL_FAST_MATH = YES;
				ONLY_ACTIVE_ARCH = YES;
				SDKROOT = iphoneos;
				SWIFT_ACTIVE_COMPILATION_CONDITIONS = DEBUG;
				SWIFT_OPTIMIZATION_LEVEL = "-Onone";
			};
			name = Debug;
		};
		00ACFA44247999830000E46C /* Release */ = {
			isa = XCBuildConfiguration;
			buildSettings = {
				ALWAYS_SEARCH_USER_PATHS = NO;
				CLANG_ANALYZER_NONNULL = YES;
				CLANG_ANALYZER_NUMBER_OBJECT_CONVERSION = YES_AGGRESSIVE;
				CLANG_CXX_LANGUAGE_STANDARD = "gnu++14";
				CLANG_CXX_LIBRARY = "libc++";
				CLANG_ENABLE_MODULES = YES;
				CLANG_ENABLE_OBJC_ARC = YES;
				CLANG_ENABLE_OBJC_WEAK = YES;
				CLANG_WARN_BLOCK_CAPTURE_AUTORELEASING = YES;
				CLANG_WARN_BOOL_CONVERSION = YES;
				CLANG_WARN_COMMA = YES;
				CLANG_WARN_CONSTANT_CONVERSION = YES;
				CLANG_WARN_DEPRECATED_OBJC_IMPLEMENTATIONS = YES;
				CLANG_WARN_DIRECT_OBJC_ISA_USAGE = YES_ERROR;
				CLANG_WARN_DOCUMENTATION_COMMENTS = YES;
				CLANG_WARN_EMPTY_BODY = YES;
				CLANG_WARN_ENUM_CONVERSION = YES;
				CLANG_WARN_INFINITE_RECURSION = YES;
				CLANG_WARN_INT_CONVERSION = YES;
				CLANG_WARN_NON_LITERAL_NULL_CONVERSION = YES;
				CLANG_WARN_OBJC_IMPLICIT_RETAIN_SELF = YES;
				CLANG_WARN_OBJC_LITERAL_CONVERSION = YES;
				CLANG_WARN_OBJC_ROOT_CLASS = YES_ERROR;
				CLANG_WARN_RANGE_LOOP_ANALYSIS = YES;
				CLANG_WARN_STRICT_PROTOTYPES = YES;
				CLANG_WARN_SUSPICIOUS_MOVE = YES;
				CLANG_WARN_UNGUARDED_AVAILABILITY = YES_AGGRESSIVE;
				CLANG_WARN_UNREACHABLE_CODE = YES;
				CLANG_WARN__DUPLICATE_METHOD_MATCH = YES;
				COPY_PHASE_STRIP = NO;
				DEBUG_INFORMATION_FORMAT = "dwarf-with-dsym";
				ENABLE_NS_ASSERTIONS = NO;
				ENABLE_STRICT_OBJC_MSGSEND = YES;
				GCC_C_LANGUAGE_STANDARD = gnu11;
				GCC_NO_COMMON_BLOCKS = YES;
				GCC_WARN_64_TO_32_BIT_CONVERSION = YES;
				GCC_WARN_ABOUT_RETURN_TYPE = YES_ERROR;
				GCC_WARN_UNDECLARED_SELECTOR = YES;
				GCC_WARN_UNINITIALIZED_AUTOS = YES_AGGRESSIVE;
				GCC_WARN_UNUSED_FUNCTION = YES;
				GCC_WARN_UNUSED_VARIABLE = YES;
				IPHONEOS_DEPLOYMENT_TARGET = 13.2;
				MTL_ENABLE_DEBUG_INFO = NO;
				MTL_FAST_MATH = YES;
				SDKROOT = iphoneos;
				SWIFT_COMPILATION_MODE = wholemodule;
				SWIFT_OPTIMIZATION_LEVEL = "-O";
				VALIDATE_PRODUCT = YES;
			};
			name = Release;
		};
		00ACFA46247999830000E46C /* Debug */ = {
			isa = XCBuildConfiguration;
			buildSettings = {
				ASSETCATALOG_COMPILER_APPICON_NAME = AppIcon;
				CODE_SIGN_STYLE = Automatic;
				DEVELOPMENT_ASSET_PATHS = "\"AdCap/Preview Content\"";
				DEVELOPMENT_TEAM = 2GFQ96KQ2A;
				ENABLE_PREVIEWS = YES;
				INFOPLIST_FILE = AdCap/Info.plist;
				LD_RUNPATH_SEARCH_PATHS = (
					"$(inherited)",
					"@executable_path/Frameworks",
				);
				PRODUCT_BUNDLE_IDENTIFIER = com.jeffchen.AdCap;
				PRODUCT_NAME = "$(TARGET_NAME)";
				SWIFT_VERSION = 5.0;
				TARGETED_DEVICE_FAMILY = "1,2";
			};
			name = Debug;
		};
		00ACFA47247999830000E46C /* Release */ = {
			isa = XCBuildConfiguration;
			buildSettings = {
				ASSETCATALOG_COMPILER_APPICON_NAME = AppIcon;
				CODE_SIGN_STYLE = Automatic;
				DEVELOPMENT_ASSET_PATHS = "\"AdCap/Preview Content\"";
				DEVELOPMENT_TEAM = 2GFQ96KQ2A;
				ENABLE_PREVIEWS = YES;
				INFOPLIST_FILE = AdCap/Info.plist;
				LD_RUNPATH_SEARCH_PATHS = (
					"$(inherited)",
					"@executable_path/Frameworks",
				);
				PRODUCT_BUNDLE_IDENTIFIER = com.jeffchen.AdCap;
				PRODUCT_NAME = "$(TARGET_NAME)";
				SWIFT_VERSION = 5.0;
				TARGETED_DEVICE_FAMILY = "1,2";
			};
			name = Release;
		};
/* End XCBuildConfiguration section */

/* Begin XCConfigurationList section */
		00ACFA29247999800000E46C /* Build configuration list for PBXProject "AdCap" */ = {
			isa = XCConfigurationList;
			buildConfigurations = (
				00ACFA43247999830000E46C /* Debug */,
				00ACFA44247999830000E46C /* Release */,
			);
			defaultConfigurationIsVisible = 0;
			defaultConfigurationName = Release;
		};
		00ACFA45247999830000E46C /* Build configuration list for PBXNativeTarget "AdCap" */ = {
			isa = XCConfigurationList;
			buildConfigurations = (
				00ACFA46247999830000E46C /* Debug */,
				00ACFA47247999830000E46C /* Release */,
			);
			defaultConfigurationIsVisible = 0;
			defaultConfigurationName = Release;
		};
/* End XCConfigurationList section */

/* Begin XCVersionGroup section */
		00ACFA35247999800000E46C /* AdCap.xcdatamodeld */ = {
			isa = XCVersionGroup;
			children = (
				00ACFA36247999800000E46C /* AdCap.xcdatamodel */,
			);
			currentVersion = 00ACFA36247999800000E46C /* AdCap.xcdatamodel */;
			path = AdCap.xcdatamodeld;
			sourceTree = "<group>";
			versionGroupType = wrapper.xcdatamodel;
		};
/* End XCVersionGroup section */
	};
	rootObject = 00ACFA26247999800000E46C /* Project object */;
}
